
Microsoft Visual Studio Solution File, Format Version 12.00
# Visual Studio Version 16
VisualStudioVersion = 16.0.32602.291
MinimumVisualStudioVersion = 10.0.40219.1
Project("{FAE04EC0-301F-11D3-BF4B-00C04F79EFBC}") = "데이터형", "데이터형\데이터형.csproj", "{1EFCDF86-90AA-4DA9-9D04-EF086A2D6A6F}"
EndProject
Project("{FAE04EC0-301F-11D3-BF4B-00C04F79EFBC}") = "데이터형2", "데이터형2\데이터형2.csproj", "{049EAF4C-EF0F-4C37-96D1-08E7D66A0609}"
EndProject
Project("{FAE04EC0-301F-11D3-BF4B-00C04F79EFBC}") = "CSharp기본문법", "CSharp기본문법\CSharp기본문법.csproj", "{D6DEACF3-F610-4F1B-B6B7-410FBBAC612F}"
EndProject
Project("{FAE04EC0-301F-11D3-BF4B-00C04F79EFBC}") = "배열", "배열\배열.csproj", "{AA04A3E6-13E1-4056-8E57-145DE80EBE76}"
EndProject
Project("{FAE04EC0-301F-11D3-BF4B-00C04F79EFBC}") = "파일입출력", "파일입출력\파일입출력.csproj", "{CABB075D-0D95-4AE4-AC0E-3D66DA6C0FCE}"
EndProject
Project("{FAE04EC0-301F-11D3-BF4B-00C04F79EFBC}") = "파일입출력2", "파일입출력2\파일입출력2.csproj", "{5313A19A-D9EB-4132-AF55-9F46DC43BA9B}"
EndProject
Project("{FAE04EC0-301F-11D3-BF4B-00C04F79EFBC}") = "클래스", "클래스\클래스.csproj", "{1C0234D9-0ACC-4278-8307-246ED09FE338}"
EndProject
Project("{FAE04EC0-301F-11D3-BF4B-00C04F79EFBC}") = "속성과인덱서", "속성과인덱서\속성과인덱서.csproj", "{FFC9925D-14DD-452D-B359-ECAA31768E68}"
EndProject
Project("{FAE04EC0-301F-11D3-BF4B-00C04F79EFBC}") = "델리게이트와이벤트", "델리게이트와이벤트\델리게이트와이벤트.csproj", "{8FA86105-8A9C-4CEA-B6F8-8358ED404E0B}"
EndProject
Project("{FAE04EC0-301F-11D3-BF4B-00C04F79EFBC}") = "상속", "상속\상속.csproj", "{25B26CDC-4CEE-4C8A-A6C4-166D8032FFC3}"
EndProject
Project("{FAE04EC0-301F-11D3-BF4B-00C04F79EFBC}") = "인터페이스", "인터페이스\인터페이스.csproj", "{B3B947EB-2E22-4188-AA8E-F8460D992672}"
EndProject
Project("{FAE04EC0-301F-11D3-BF4B-00C04F79EFBC}") = "CSharp 프로그래밍 기본 구조", "CSharp프로그래밍기본구조\CSharp 프로그래밍 기본 구조.csproj", "{25A6B339-C644-4B46-9FD3-816F064AB6FE}"
EndProject
Project("{FAE04EC0-301F-11D3-BF4B-00C04F79EFBC}") = "윈도우 프로그래밍", "윈도우 프로그래밍\윈도우 프로그래밍.csproj", "{31689F71-FAFC-48E8-9A18-A8508EDC6A3B}"
EndProject
Project("{FAE04EC0-301F-11D3-BF4B-00C04F79EFBC}") = "GDI", "GDI\GDI.csproj", "{1656FD7E-3537-4A55-8436-0B32939D691E}"
EndProject
Project("{FAE04EC0-301F-11D3-BF4B-00C04F79EFBC}") = "이미지", "이미지\이미지.csproj", "{1F9C6652-3C81-4B1D-A359-FBB920F92D63}"
EndProject
Project("{FAE04EC0-301F-11D3-BF4B-00C04F79EFBC}") = "폼과타이머", "폼과타이머\폼과타이머.csproj", "{FDD0448B-A469-45F6-B499-104E69826D6C}"
EndProject
Project("{FAE04EC0-301F-11D3-BF4B-00C04F79EFBC}") = "메뉴", "메뉴\메뉴.csproj", "{A3789BAD-D434-4DBF-8049-E7D2DD01E440}"
EndProject
Project("{FAE04EC0-301F-11D3-BF4B-00C04F79EFBC}") = "기본컨트롤", "기본컨트롤\기본컨트롤.csproj", "{1155F14D-57F9-48B6-8365-9D6E1234B2F0}"
EndProject
Project("{FAE04EC0-301F-11D3-BF4B-00C04F79EFBC}") = "고급컨트롤", "고급컨트롤\고급컨트롤.csproj", "{B23A9106-2984-4EFB-892C-4F4E2179A644}"
EndProject
Project("{FAE04EC0-301F-11D3-BF4B-00C04F79EFBC}") = "대화상자", "대화상자\대화상자.csproj", "{59DAAD30-93D7-4499-B8E4-3FD6E27AB20D}"
EndProject
Project("{FAE04EC0-301F-11D3-BF4B-00C04F79EFBC}") = "대화상자2", "대화상자2\대화상자2.csproj", "{EB89F646-7AFD-4B92-8431-92B203486C85}"
EndProject
Project("{FAE04EC0-301F-11D3-BF4B-00C04F79EFBC}") = "폼 분할", "폼 분할\폼 분할.csproj", "{FE86D01F-3ADC-4D65-92D5-642456E6A1F5}"
EndProject
Project("{FAE04EC0-301F-11D3-BF4B-00C04F79EFBC}") = "자료구조", "자료구조\자료구조.csproj", "{3651E864-432D-49AE-A96A-85C8A15DEA8A}"
EndProject
Project("{FAE04EC0-301F-11D3-BF4B-00C04F79EFBC}") = "예제로배우는CSharp", "예제로배우는CSharp\예제로배우는CSharp.csproj", "{21AD1BD8-8356-4AE9-89ED-ED7A3BC3AE24}"
EndProject
Project("{FAE04EC0-301F-11D3-BF4B-00C04F79EFBC}") = "예제로배우는CSharp-메서드", "예제로배우는CSharp-메서드\예제로배우는CSharp-메서드.csproj", "{688A198C-D8EF-4006-8060-31F566466B48}"
EndProject
Project("{FAE04EC0-301F-11D3-BF4B-00C04F79EFBC}") = "예제로배우는CSharp-클래스", "예제로배우는CSharp-클래스\예제로배우는CSharp-클래스.csproj", "{115A007D-BEF7-4E0C-8BE7-CC77E68F31D6}"
EndProject
Project("{FAE04EC0-301F-11D3-BF4B-00C04F79EFBC}") = "예제로배우는CSharp-구조체", "예제로배우는CSharp-구조체\예제로배우는CSharp-구조체.csproj", "{E1F01F7A-58E1-44B5-AA40-761066692D61}"
EndProject
Project("{FAE04EC0-301F-11D3-BF4B-00C04F79EFBC}") = "예제로배우는CSharp-예외처리", "예제로배우는CSharp-예외처리\예제로배우는CSharp-예외처리.csproj", "{5C846302-8620-4D80-8230-46BA9C5E0874}"
EndProject
Project("{FAE04EC0-301F-11D3-BF4B-00C04F79EFBC}") = "예제로배우는CSharp-yield", "예제로배우는CSharp-yield\예제로배우는CSharp-yield.csproj", "{EFBF8D28-F01D-41CE-A0E4-4198CBF1F162}"
EndProject
Project("{FAE04EC0-301F-11D3-BF4B-00C04F79EFBC}") = "예제로배우는CSharp-foreach", "예제로배우는CSharp-foreach\예제로배우는CSharp-foreach.csproj", "{70E454B7-9F8F-478A-BE4D-E61F8DBF8E44}"
EndProject
Project("{FAE04EC0-301F-11D3-BF4B-00C04F79EFBC}") = "예제로배우는CSharp-enum", "예제로배우는CSharp-enum\예제로배우는CSharp-enum.csproj", "{480D75CF-27F7-49F3-BBCC-B9266D583FF1}"
EndProject
Project("{FAE04EC0-301F-11D3-BF4B-00C04F79EFBC}") = "예제로배우는CSharp-string", "예제로배우는CSharp-string\예제로배우는CSharp-string.csproj", "{88E71DDD-23A6-4633-8FEF-3AF7113C23ED}"
EndProject
Project("{FAE04EC0-301F-11D3-BF4B-00C04F79EFBC}") = "예제로배우는CSharp-array", "예제로배우는CSharp-array\예제로배우는CSharp-array.csproj", "{06353745-F19B-4BD3-B30F-90D593B6CE0A}"
EndProject
Project("{FAE04EC0-301F-11D3-BF4B-00C04F79EFBC}") = "예제로배우는CSharp-constant", "예제로배우는CSharp-constant\예제로배우는CSharp-constant.csproj", "{8B25A9C6-46F8-4A6A-8971-8EE6BDEFA465}"
EndProject
Project("{FAE04EC0-301F-11D3-BF4B-00C04F79EFBC}") = "예제로배우는CSharp-nullable type", "예제로배우는CSharp-nullable type\예제로배우는CSharp-nullable type.csproj", "{FE49BA2C-EADB-4F0A-B4F4-613C4ECAFC6C}"
EndProject
Project("{FAE04EC0-301F-11D3-BF4B-00C04F79EFBC}") = "예제로배우는CSharp-event", "예제로배우는CSharp-event\예제로배우는CSharp-event.csproj", "{A8C3AF3F-C884-490C-A75E-DCD58D5E8369}"
EndProject
Project("{FAE04EC0-301F-11D3-BF4B-00C04F79EFBC}") = "예제로배우는CSharp-전처리기", "예제로배우는CSharp-전처리기\예제로배우는CSharp-전처리기.csproj", "{76C93691-7117-445E-847F-7971E745BFFA}"
EndProject
Project("{FAE04EC0-301F-11D3-BF4B-00C04F79EFBC}") = "예제로배우는CSharp-Indexer", "예제로배우는CSharp-Indexer\예제로배우는CSharp-Indexer.csproj", "{4E196453-BC11-425C-BA34-49B12E71D3D7}"
EndProject
Project("{FAE04EC0-301F-11D3-BF4B-00C04F79EFBC}") = "예제로배우는CSharp-접근 제한자", "예제로배우는CSharp-접근 제한자\예제로배우는CSharp-접근 제한자.csproj", "{6DEF10C1-3FF3-45EF-8372-710EF453D63B}"
EndProject
Project("{FAE04EC0-301F-11D3-BF4B-00C04F79EFBC}") = "예제로배우는CSharp-클래스 상속", "예제로배우는CSharp-클래스 상속\예제로배우는CSharp-클래스 상속.csproj", "{D94E8533-11EC-43F6-80D3-94CC45F7BE1F}"
EndProject
Project("{FAE04EC0-301F-11D3-BF4B-00C04F79EFBC}") = "예제로배우는CSharp-제네릭", "예제로배우는CSharp-제네릭\예제로배우는CSharp-제네릭.csproj", "{1CEA11BF-D4F6-41F8-B483-A489B7D95D1D}"
EndProject
Project("{FAE04EC0-301F-11D3-BF4B-00C04F79EFBC}") = "예제로배우는CSharp-인터페이스", "예제로배우는CSharp-인터페이스\예제로배우는CSharp-인터페이스.csproj", "{A49DEC56-9B69-45CE-8B99-A43AD7015CF4}"
EndProject
Project("{FAE04EC0-301F-11D3-BF4B-00C04F79EFBC}") = "예제로배우는CSharp-delegate 기초", "예제로배우는CSharp-delegate 기초\예제로배우는CSharp-delegate 기초.csproj", "{0B77390D-F749-45C9-B897-D68FEF62A973}"
EndProject
Project("{FAE04EC0-301F-11D3-BF4B-00C04F79EFBC}") = "예제로배우는CSharp-delegate1", "예제로배우는CSharp-delegate1\예제로배우는CSharp-delegate1.csproj", "{7156CE1E-3F5A-4B57-8249-D22F8F8B07DA}"
EndProject
Project("{FAE04EC0-301F-11D3-BF4B-00C04F79EFBC}") = "예제로배우는CSharp-delegate2", "예제로배우는CSharp-delegate2\예제로배우는CSharp-delegate2.csproj", "{34FAA85C-E22D-44DA-A27D-E53B4DDD9982}"
EndProject
Project("{FAE04EC0-301F-11D3-BF4B-00C04F79EFBC}") = "예제로배우는CSharp-delegate3", "예제로배우는CSharp-delegate3\예제로배우는CSharp-delegate3.csproj", "{4A00624A-9D76-43DE-BF34-0095BEF9D3A3}"
EndProject
Global
	GlobalSection(SolutionConfigurationPlatforms) = preSolution
		Debug|Any CPU = Debug|Any CPU
		Release|Any CPU = Release|Any CPU
	EndGlobalSection
	GlobalSection(ProjectConfigurationPlatforms) = postSolution
		{1EFCDF86-90AA-4DA9-9D04-EF086A2D6A6F}.Debug|Any CPU.ActiveCfg = Debug|Any CPU
		{1EFCDF86-90AA-4DA9-9D04-EF086A2D6A6F}.Debug|Any CPU.Build.0 = Debug|Any CPU
		{1EFCDF86-90AA-4DA9-9D04-EF086A2D6A6F}.Release|Any CPU.ActiveCfg = Release|Any CPU
		{1EFCDF86-90AA-4DA9-9D04-EF086A2D6A6F}.Release|Any CPU.Build.0 = Release|Any CPU
		{049EAF4C-EF0F-4C37-96D1-08E7D66A0609}.Debug|Any CPU.ActiveCfg = Debug|Any CPU
		{049EAF4C-EF0F-4C37-96D1-08E7D66A0609}.Debug|Any CPU.Build.0 = Debug|Any CPU
		{049EAF4C-EF0F-4C37-96D1-08E7D66A0609}.Release|Any CPU.ActiveCfg = Release|Any CPU
		{049EAF4C-EF0F-4C37-96D1-08E7D66A0609}.Release|Any CPU.Build.0 = Release|Any CPU
		{D6DEACF3-F610-4F1B-B6B7-410FBBAC612F}.Debug|Any CPU.ActiveCfg = Debug|Any CPU
		{D6DEACF3-F610-4F1B-B6B7-410FBBAC612F}.Debug|Any CPU.Build.0 = Debug|Any CPU
		{D6DEACF3-F610-4F1B-B6B7-410FBBAC612F}.Release|Any CPU.ActiveCfg = Release|Any CPU
		{D6DEACF3-F610-4F1B-B6B7-410FBBAC612F}.Release|Any CPU.Build.0 = Release|Any CPU
		{AA04A3E6-13E1-4056-8E57-145DE80EBE76}.Debug|Any CPU.ActiveCfg = Debug|Any CPU
		{AA04A3E6-13E1-4056-8E57-145DE80EBE76}.Debug|Any CPU.Build.0 = Debug|Any CPU
		{AA04A3E6-13E1-4056-8E57-145DE80EBE76}.Release|Any CPU.ActiveCfg = Release|Any CPU
		{AA04A3E6-13E1-4056-8E57-145DE80EBE76}.Release|Any CPU.Build.0 = Release|Any CPU
		{CABB075D-0D95-4AE4-AC0E-3D66DA6C0FCE}.Debug|Any CPU.ActiveCfg = Debug|Any CPU
		{CABB075D-0D95-4AE4-AC0E-3D66DA6C0FCE}.Debug|Any CPU.Build.0 = Debug|Any CPU
		{CABB075D-0D95-4AE4-AC0E-3D66DA6C0FCE}.Release|Any CPU.ActiveCfg = Release|Any CPU
		{CABB075D-0D95-4AE4-AC0E-3D66DA6C0FCE}.Release|Any CPU.Build.0 = Release|Any CPU
		{5313A19A-D9EB-4132-AF55-9F46DC43BA9B}.Debug|Any CPU.ActiveCfg = Debug|Any CPU
		{5313A19A-D9EB-4132-AF55-9F46DC43BA9B}.Debug|Any CPU.Build.0 = Debug|Any CPU
		{5313A19A-D9EB-4132-AF55-9F46DC43BA9B}.Release|Any CPU.ActiveCfg = Release|Any CPU
		{5313A19A-D9EB-4132-AF55-9F46DC43BA9B}.Release|Any CPU.Build.0 = Release|Any CPU
		{1C0234D9-0ACC-4278-8307-246ED09FE338}.Debug|Any CPU.ActiveCfg = Debug|Any CPU
		{1C0234D9-0ACC-4278-8307-246ED09FE338}.Debug|Any CPU.Build.0 = Debug|Any CPU
		{1C0234D9-0ACC-4278-8307-246ED09FE338}.Release|Any CPU.ActiveCfg = Release|Any CPU
		{1C0234D9-0ACC-4278-8307-246ED09FE338}.Release|Any CPU.Build.0 = Release|Any CPU
		{FFC9925D-14DD-452D-B359-ECAA31768E68}.Debug|Any CPU.ActiveCfg = Debug|Any CPU
		{FFC9925D-14DD-452D-B359-ECAA31768E68}.Debug|Any CPU.Build.0 = Debug|Any CPU
		{FFC9925D-14DD-452D-B359-ECAA31768E68}.Release|Any CPU.ActiveCfg = Release|Any CPU
		{FFC9925D-14DD-452D-B359-ECAA31768E68}.Release|Any CPU.Build.0 = Release|Any CPU
		{8FA86105-8A9C-4CEA-B6F8-8358ED404E0B}.Debug|Any CPU.ActiveCfg = Debug|Any CPU
		{8FA86105-8A9C-4CEA-B6F8-8358ED404E0B}.Debug|Any CPU.Build.0 = Debug|Any CPU
		{8FA86105-8A9C-4CEA-B6F8-8358ED404E0B}.Release|Any CPU.ActiveCfg = Release|Any CPU
		{8FA86105-8A9C-4CEA-B6F8-8358ED404E0B}.Release|Any CPU.Build.0 = Release|Any CPU
		{25B26CDC-4CEE-4C8A-A6C4-166D8032FFC3}.Debug|Any CPU.ActiveCfg = Debug|Any CPU
		{25B26CDC-4CEE-4C8A-A6C4-166D8032FFC3}.Debug|Any CPU.Build.0 = Debug|Any CPU
		{25B26CDC-4CEE-4C8A-A6C4-166D8032FFC3}.Release|Any CPU.ActiveCfg = Release|Any CPU
		{25B26CDC-4CEE-4C8A-A6C4-166D8032FFC3}.Release|Any CPU.Build.0 = Release|Any CPU
		{B3B947EB-2E22-4188-AA8E-F8460D992672}.Debug|Any CPU.ActiveCfg = Debug|Any CPU
		{B3B947EB-2E22-4188-AA8E-F8460D992672}.Debug|Any CPU.Build.0 = Debug|Any CPU
		{B3B947EB-2E22-4188-AA8E-F8460D992672}.Release|Any CPU.ActiveCfg = Release|Any CPU
		{B3B947EB-2E22-4188-AA8E-F8460D992672}.Release|Any CPU.Build.0 = Release|Any CPU
		{25A6B339-C644-4B46-9FD3-816F064AB6FE}.Debug|Any CPU.ActiveCfg = Debug|Any CPU
		{25A6B339-C644-4B46-9FD3-816F064AB6FE}.Debug|Any CPU.Build.0 = Debug|Any CPU
		{25A6B339-C644-4B46-9FD3-816F064AB6FE}.Release|Any CPU.ActiveCfg = Release|Any CPU
		{25A6B339-C644-4B46-9FD3-816F064AB6FE}.Release|Any CPU.Build.0 = Release|Any CPU
		{31689F71-FAFC-48E8-9A18-A8508EDC6A3B}.Debug|Any CPU.ActiveCfg = Debug|Any CPU
		{31689F71-FAFC-48E8-9A18-A8508EDC6A3B}.Debug|Any CPU.Build.0 = Debug|Any CPU
		{31689F71-FAFC-48E8-9A18-A8508EDC6A3B}.Release|Any CPU.ActiveCfg = Release|Any CPU
		{31689F71-FAFC-48E8-9A18-A8508EDC6A3B}.Release|Any CPU.Build.0 = Release|Any CPU
		{1656FD7E-3537-4A55-8436-0B32939D691E}.Debug|Any CPU.ActiveCfg = Debug|Any CPU
		{1656FD7E-3537-4A55-8436-0B32939D691E}.Debug|Any CPU.Build.0 = Debug|Any CPU
		{1656FD7E-3537-4A55-8436-0B32939D691E}.Release|Any CPU.ActiveCfg = Release|Any CPU
		{1656FD7E-3537-4A55-8436-0B32939D691E}.Release|Any CPU.Build.0 = Release|Any CPU
		{1F9C6652-3C81-4B1D-A359-FBB920F92D63}.Debug|Any CPU.ActiveCfg = Debug|Any CPU
		{1F9C6652-3C81-4B1D-A359-FBB920F92D63}.Debug|Any CPU.Build.0 = Debug|Any CPU
		{1F9C6652-3C81-4B1D-A359-FBB920F92D63}.Release|Any CPU.ActiveCfg = Release|Any CPU
		{1F9C6652-3C81-4B1D-A359-FBB920F92D63}.Release|Any CPU.Build.0 = Release|Any CPU
		{FDD0448B-A469-45F6-B499-104E69826D6C}.Debug|Any CPU.ActiveCfg = Debug|Any CPU
		{FDD0448B-A469-45F6-B499-104E69826D6C}.Debug|Any CPU.Build.0 = Debug|Any CPU
		{FDD0448B-A469-45F6-B499-104E69826D6C}.Release|Any CPU.ActiveCfg = Release|Any CPU
		{FDD0448B-A469-45F6-B499-104E69826D6C}.Release|Any CPU.Build.0 = Release|Any CPU
		{A3789BAD-D434-4DBF-8049-E7D2DD01E440}.Debug|Any CPU.ActiveCfg = Debug|Any CPU
		{A3789BAD-D434-4DBF-8049-E7D2DD01E440}.Debug|Any CPU.Build.0 = Debug|Any CPU
		{A3789BAD-D434-4DBF-8049-E7D2DD01E440}.Release|Any CPU.ActiveCfg = Release|Any CPU
		{A3789BAD-D434-4DBF-8049-E7D2DD01E440}.Release|Any CPU.Build.0 = Release|Any CPU
		{1155F14D-57F9-48B6-8365-9D6E1234B2F0}.Debug|Any CPU.ActiveCfg = Debug|Any CPU
		{1155F14D-57F9-48B6-8365-9D6E1234B2F0}.Debug|Any CPU.Build.0 = Debug|Any CPU
		{1155F14D-57F9-48B6-8365-9D6E1234B2F0}.Release|Any CPU.ActiveCfg = Release|Any CPU
		{1155F14D-57F9-48B6-8365-9D6E1234B2F0}.Release|Any CPU.Build.0 = Release|Any CPU
		{B23A9106-2984-4EFB-892C-4F4E2179A644}.Debug|Any CPU.ActiveCfg = Debug|Any CPU
		{B23A9106-2984-4EFB-892C-4F4E2179A644}.Debug|Any CPU.Build.0 = Debug|Any CPU
		{B23A9106-2984-4EFB-892C-4F4E2179A644}.Release|Any CPU.ActiveCfg = Release|Any CPU
		{B23A9106-2984-4EFB-892C-4F4E2179A644}.Release|Any CPU.Build.0 = Release|Any CPU
		{59DAAD30-93D7-4499-B8E4-3FD6E27AB20D}.Debug|Any CPU.ActiveCfg = Debug|Any CPU
		{59DAAD30-93D7-4499-B8E4-3FD6E27AB20D}.Debug|Any CPU.Build.0 = Debug|Any CPU
		{59DAAD30-93D7-4499-B8E4-3FD6E27AB20D}.Release|Any CPU.ActiveCfg = Release|Any CPU
		{59DAAD30-93D7-4499-B8E4-3FD6E27AB20D}.Release|Any CPU.Build.0 = Release|Any CPU
		{EB89F646-7AFD-4B92-8431-92B203486C85}.Debug|Any CPU.ActiveCfg = Debug|Any CPU
		{EB89F646-7AFD-4B92-8431-92B203486C85}.Debug|Any CPU.Build.0 = Debug|Any CPU
		{EB89F646-7AFD-4B92-8431-92B203486C85}.Release|Any CPU.ActiveCfg = Release|Any CPU
		{EB89F646-7AFD-4B92-8431-92B203486C85}.Release|Any CPU.Build.0 = Release|Any CPU
		{FE86D01F-3ADC-4D65-92D5-642456E6A1F5}.Debug|Any CPU.ActiveCfg = Debug|Any CPU
		{FE86D01F-3ADC-4D65-92D5-642456E6A1F5}.Debug|Any CPU.Build.0 = Debug|Any CPU
		{FE86D01F-3ADC-4D65-92D5-642456E6A1F5}.Release|Any CPU.ActiveCfg = Release|Any CPU
		{FE86D01F-3ADC-4D65-92D5-642456E6A1F5}.Release|Any CPU.Build.0 = Release|Any CPU
		{3651E864-432D-49AE-A96A-85C8A15DEA8A}.Debug|Any CPU.ActiveCfg = Debug|Any CPU
		{3651E864-432D-49AE-A96A-85C8A15DEA8A}.Debug|Any CPU.Build.0 = Debug|Any CPU
		{3651E864-432D-49AE-A96A-85C8A15DEA8A}.Release|Any CPU.ActiveCfg = Release|Any CPU
		{3651E864-432D-49AE-A96A-85C8A15DEA8A}.Release|Any CPU.Build.0 = Release|Any CPU
		{21AD1BD8-8356-4AE9-89ED-ED7A3BC3AE24}.Debug|Any CPU.ActiveCfg = Debug|Any CPU
		{21AD1BD8-8356-4AE9-89ED-ED7A3BC3AE24}.Debug|Any CPU.Build.0 = Debug|Any CPU
		{21AD1BD8-8356-4AE9-89ED-ED7A3BC3AE24}.Release|Any CPU.ActiveCfg = Release|Any CPU
		{21AD1BD8-8356-4AE9-89ED-ED7A3BC3AE24}.Release|Any CPU.Build.0 = Release|Any CPU
		{688A198C-D8EF-4006-8060-31F566466B48}.Debug|Any CPU.ActiveCfg = Debug|Any CPU
		{688A198C-D8EF-4006-8060-31F566466B48}.Debug|Any CPU.Build.0 = Debug|Any CPU
		{688A198C-D8EF-4006-8060-31F566466B48}.Release|Any CPU.ActiveCfg = Release|Any CPU
		{688A198C-D8EF-4006-8060-31F566466B48}.Release|Any CPU.Build.0 = Release|Any CPU
		{115A007D-BEF7-4E0C-8BE7-CC77E68F31D6}.Debug|Any CPU.ActiveCfg = Debug|Any CPU
		{115A007D-BEF7-4E0C-8BE7-CC77E68F31D6}.Debug|Any CPU.Build.0 = Debug|Any CPU
		{115A007D-BEF7-4E0C-8BE7-CC77E68F31D6}.Release|Any CPU.ActiveCfg = Release|Any CPU
		{115A007D-BEF7-4E0C-8BE7-CC77E68F31D6}.Release|Any CPU.Build.0 = Release|Any CPU
		{E1F01F7A-58E1-44B5-AA40-761066692D61}.Debug|Any CPU.ActiveCfg = Debug|Any CPU
		{E1F01F7A-58E1-44B5-AA40-761066692D61}.Debug|Any CPU.Build.0 = Debug|Any CPU
		{E1F01F7A-58E1-44B5-AA40-761066692D61}.Release|Any CPU.ActiveCfg = Release|Any CPU
		{E1F01F7A-58E1-44B5-AA40-761066692D61}.Release|Any CPU.Build.0 = Release|Any CPU
		{5C846302-8620-4D80-8230-46BA9C5E0874}.Debug|Any CPU.ActiveCfg = Debug|Any CPU
		{5C846302-8620-4D80-8230-46BA9C5E0874}.Debug|Any CPU.Build.0 = Debug|Any CPU
		{5C846302-8620-4D80-8230-46BA9C5E0874}.Release|Any CPU.ActiveCfg = Release|Any CPU
		{5C846302-8620-4D80-8230-46BA9C5E0874}.Release|Any CPU.Build.0 = Release|Any CPU
		{EFBF8D28-F01D-41CE-A0E4-4198CBF1F162}.Debug|Any CPU.ActiveCfg = Debug|Any CPU
		{EFBF8D28-F01D-41CE-A0E4-4198CBF1F162}.Debug|Any CPU.Build.0 = Debug|Any CPU
		{EFBF8D28-F01D-41CE-A0E4-4198CBF1F162}.Release|Any CPU.ActiveCfg = Release|Any CPU
		{EFBF8D28-F01D-41CE-A0E4-4198CBF1F162}.Release|Any CPU.Build.0 = Release|Any CPU
		{70E454B7-9F8F-478A-BE4D-E61F8DBF8E44}.Debug|Any CPU.ActiveCfg = Debug|Any CPU
		{70E454B7-9F8F-478A-BE4D-E61F8DBF8E44}.Debug|Any CPU.Build.0 = Debug|Any CPU
		{70E454B7-9F8F-478A-BE4D-E61F8DBF8E44}.Release|Any CPU.ActiveCfg = Release|Any CPU
		{70E454B7-9F8F-478A-BE4D-E61F8DBF8E44}.Release|Any CPU.Build.0 = Release|Any CPU
		{480D75CF-27F7-49F3-BBCC-B9266D583FF1}.Debug|Any CPU.ActiveCfg = Debug|Any CPU
		{480D75CF-27F7-49F3-BBCC-B9266D583FF1}.Debug|Any CPU.Build.0 = Debug|Any CPU
		{480D75CF-27F7-49F3-BBCC-B9266D583FF1}.Release|Any CPU.ActiveCfg = Release|Any CPU
		{480D75CF-27F7-49F3-BBCC-B9266D583FF1}.Release|Any CPU.Build.0 = Release|Any CPU
		{88E71DDD-23A6-4633-8FEF-3AF7113C23ED}.Debug|Any CPU.ActiveCfg = Debug|Any CPU
		{88E71DDD-23A6-4633-8FEF-3AF7113C23ED}.Debug|Any CPU.Build.0 = Debug|Any CPU
		{88E71DDD-23A6-4633-8FEF-3AF7113C23ED}.Release|Any CPU.ActiveCfg = Release|Any CPU
		{88E71DDD-23A6-4633-8FEF-3AF7113C23ED}.Release|Any CPU.Build.0 = Release|Any CPU
		{06353745-F19B-4BD3-B30F-90D593B6CE0A}.Debug|Any CPU.ActiveCfg = Debug|Any CPU
		{06353745-F19B-4BD3-B30F-90D593B6CE0A}.Debug|Any CPU.Build.0 = Debug|Any CPU
		{06353745-F19B-4BD3-B30F-90D593B6CE0A}.Release|Any CPU.ActiveCfg = Release|Any CPU
		{06353745-F19B-4BD3-B30F-90D593B6CE0A}.Release|Any CPU.Build.0 = Release|Any CPU
		{8B25A9C6-46F8-4A6A-8971-8EE6BDEFA465}.Debug|Any CPU.ActiveCfg = Debug|Any CPU
		{8B25A9C6-46F8-4A6A-8971-8EE6BDEFA465}.Debug|Any CPU.Build.0 = Debug|Any CPU
		{8B25A9C6-46F8-4A6A-8971-8EE6BDEFA465}.Release|Any CPU.ActiveCfg = Release|Any CPU
		{8B25A9C6-46F8-4A6A-8971-8EE6BDEFA465}.Release|Any CPU.Build.0 = Release|Any CPU
		{FE49BA2C-EADB-4F0A-B4F4-613C4ECAFC6C}.Debug|Any CPU.ActiveCfg = Debug|Any CPU
		{FE49BA2C-EADB-4F0A-B4F4-613C4ECAFC6C}.Debug|Any CPU.Build.0 = Debug|Any CPU
		{FE49BA2C-EADB-4F0A-B4F4-613C4ECAFC6C}.Release|Any CPU.ActiveCfg = Release|Any CPU
		{FE49BA2C-EADB-4F0A-B4F4-613C4ECAFC6C}.Release|Any CPU.Build.0 = Release|Any CPU
		{A8C3AF3F-C884-490C-A75E-DCD58D5E8369}.Debug|Any CPU.ActiveCfg = Debug|Any CPU
		{A8C3AF3F-C884-490C-A75E-DCD58D5E8369}.Debug|Any CPU.Build.0 = Debug|Any CPU
		{A8C3AF3F-C884-490C-A75E-DCD58D5E8369}.Release|Any CPU.ActiveCfg = Release|Any CPU
		{A8C3AF3F-C884-490C-A75E-DCD58D5E8369}.Release|Any CPU.Build.0 = Release|Any CPU
		{76C93691-7117-445E-847F-7971E745BFFA}.Debug|Any CPU.ActiveCfg = Debug|Any CPU
		{76C93691-7117-445E-847F-7971E745BFFA}.Debug|Any CPU.Build.0 = Debug|Any CPU
		{76C93691-7117-445E-847F-7971E745BFFA}.Release|Any CPU.ActiveCfg = Release|Any CPU
		{76C93691-7117-445E-847F-7971E745BFFA}.Release|Any CPU.Build.0 = Release|Any CPU
		{4E196453-BC11-425C-BA34-49B12E71D3D7}.Debug|Any CPU.ActiveCfg = Debug|Any CPU
		{4E196453-BC11-425C-BA34-49B12E71D3D7}.Debug|Any CPU.Build.0 = Debug|Any CPU
		{4E196453-BC11-425C-BA34-49B12E71D3D7}.Release|Any CPU.ActiveCfg = Release|Any CPU
		{4E196453-BC11-425C-BA34-49B12E71D3D7}.Release|Any CPU.Build.0 = Release|Any CPU
		{6DEF10C1-3FF3-45EF-8372-710EF453D63B}.Debug|Any CPU.ActiveCfg = Debug|Any CPU
		{6DEF10C1-3FF3-45EF-8372-710EF453D63B}.Debug|Any CPU.Build.0 = Debug|Any CPU
		{6DEF10C1-3FF3-45EF-8372-710EF453D63B}.Release|Any CPU.ActiveCfg = Release|Any CPU
		{6DEF10C1-3FF3-45EF-8372-710EF453D63B}.Release|Any CPU.Build.0 = Release|Any CPU
		{D94E8533-11EC-43F6-80D3-94CC45F7BE1F}.Debug|Any CPU.ActiveCfg = Debug|Any CPU
		{D94E8533-11EC-43F6-80D3-94CC45F7BE1F}.Debug|Any CPU.Build.0 = Debug|Any CPU
		{D94E8533-11EC-43F6-80D3-94CC45F7BE1F}.Release|Any CPU.ActiveCfg = Release|Any CPU
		{D94E8533-11EC-43F6-80D3-94CC45F7BE1F}.Release|Any CPU.Build.0 = Release|Any CPU
		{1CEA11BF-D4F6-41F8-B483-A489B7D95D1D}.Debug|Any CPU.ActiveCfg = Debug|Any CPU
		{1CEA11BF-D4F6-41F8-B483-A489B7D95D1D}.Debug|Any CPU.Build.0 = Debug|Any CPU
		{1CEA11BF-D4F6-41F8-B483-A489B7D95D1D}.Release|Any CPU.ActiveCfg = Release|Any CPU
		{1CEA11BF-D4F6-41F8-B483-A489B7D95D1D}.Release|Any CPU.Build.0 = Release|Any CPU
		{A49DEC56-9B69-45CE-8B99-A43AD7015CF4}.Debug|Any CPU.ActiveCfg = Debug|Any CPU
		{A49DEC56-9B69-45CE-8B99-A43AD7015CF4}.Debug|Any CPU.Build.0 = Debug|Any CPU
		{A49DEC56-9B69-45CE-8B99-A43AD7015CF4}.Release|Any CPU.ActiveCfg = Release|Any CPU
		{A49DEC56-9B69-45CE-8B99-A43AD7015CF4}.Release|Any CPU.Build.0 = Release|Any CPU
		{0B77390D-F749-45C9-B897-D68FEF62A973}.Debug|Any CPU.ActiveCfg = Debug|Any CPU
		{0B77390D-F749-45C9-B897-D68FEF62A973}.Debug|Any CPU.Build.0 = Debug|Any CPU
		{0B77390D-F749-45C9-B897-D68FEF62A973}.Release|Any CPU.ActiveCfg = Release|Any CPU
		{0B77390D-F749-45C9-B897-D68FEF62A973}.Release|Any CPU.Build.0 = Release|Any CPU
		{7156CE1E-3F5A-4B57-8249-D22F8F8B07DA}.Debug|Any CPU.ActiveCfg = Debug|Any CPU
		{7156CE1E-3F5A-4B57-8249-D22F8F8B07DA}.Debug|Any CPU.Build.0 = Debug|Any CPU
		{7156CE1E-3F5A-4B57-8249-D22F8F8B07DA}.Release|Any CPU.ActiveCfg = Release|Any CPU
		{7156CE1E-3F5A-4B57-8249-D22F8F8B07DA}.Release|Any CPU.Build.0 = Release|Any CPU
		{34FAA85C-E22D-44DA-A27D-E53B4DDD9982}.Debug|Any CPU.ActiveCfg = Debug|Any CPU
		{34FAA85C-E22D-44DA-A27D-E53B4DDD9982}.Debug|Any CPU.Build.0 = Debug|Any CPU
		{34FAA85C-E22D-44DA-A27D-E53B4DDD9982}.Release|Any CPU.ActiveCfg = Release|Any CPU
		{34FAA85C-E22D-44DA-A27D-E53B4DDD9982}.Release|Any CPU.Build.0 = Release|Any CPU
		{4A00624A-9D76-43DE-BF34-0095BEF9D3A3}.Debug|Any CPU.ActiveCfg = Debug|Any CPU
		{4A00624A-9D76-43DE-BF34-0095BEF9D3A3}.Debug|Any CPU.Build.0 = Debug|Any CPU
		{4A00624A-9D76-43DE-BF34-0095BEF9D3A3}.Release|Any CPU.ActiveCfg = Release|Any CPU
		{4A00624A-9D76-43DE-BF34-0095BEF9D3A3}.Release|Any CPU.Build.0 = Release|Any CPU
	EndGlobalSection
	GlobalSection(SolutionProperties) = preSolution
		HideSolutionNode = FALSE
	EndGlobalSection
	GlobalSection(ExtensibilityGlobals) = postSolution
		SolutionGuid = {5B25FCAF-1344-4A53-A21D-3A787AD87659}
	EndGlobalSection
EndGlobal
