
Microsoft Visual Studio Solution File, Format Version 12.00
# Visual Studio Version 16
VisualStudioVersion = 16.0.32602.291
MinimumVisualStudioVersion = 10.0.40219.1
Project("{FAE04EC0-301F-11D3-BF4B-00C04F79EFBC}") = "CSharp 프로그래밍 기본 구조", "ConsoleApp1\CSharp 프로그래밍 기본 구조.csproj", "{25A6B339-C644-4B46-9FD3-816F064AB6FE}"
EndProject
Project("{FAE04EC0-301F-11D3-BF4B-00C04F79EFBC}") = "데이터형", "데이터형\데이터형.csproj", "{1EFCDF86-90AA-4DA9-9D04-EF086A2D6A6F}"
EndProject
Project("{FAE04EC0-301F-11D3-BF4B-00C04F79EFBC}") = "데이터형2", "데이터형2\데이터형2.csproj", "{049EAF4C-EF0F-4C37-96D1-08E7D66A0609}"
EndProject
Project("{FAE04EC0-301F-11D3-BF4B-00C04F79EFBC}") = "CSharp기본문법", "CSharp기본문법\CSharp기본문법.csproj", "{D6DEACF3-F610-4F1B-B6B7-410FBBAC612F}"
EndProject
Project("{FAE04EC0-301F-11D3-BF4B-00C04F79EFBC}") = "배열", "배열\배열.csproj", "{AA04A3E6-13E1-4056-8E57-145DE80EBE76}"
EndProject
Project("{FAE04EC0-301F-11D3-BF4B-00C04F79EFBC}") = "파일입출력", "파일입출력\파일입출력.csproj", "{CABB075D-0D95-4AE4-AC0E-3D66DA6C0FCE}"
EndProject
Project("{FAE04EC0-301F-11D3-BF4B-00C04F79EFBC}") = "파일입출력2", "파일입출력2\파일입출력2.csproj", "{5313A19A-D9EB-4132-AF55-9F46DC43BA9B}"
EndProject
Project("{FAE04EC0-301F-11D3-BF4B-00C04F79EFBC}") = "클래스", "클래스\클래스.csproj", "{1C0234D9-0ACC-4278-8307-246ED09FE338}"
EndProject
Project("{FAE04EC0-301F-11D3-BF4B-00C04F79EFBC}") = "속성과인덱서", "속성과인덱서\속성과인덱서.csproj", "{FFC9925D-14DD-452D-B359-ECAA31768E68}"
EndProject
Global
	GlobalSection(SolutionConfigurationPlatforms) = preSolution
		Debug|Any CPU = Debug|Any CPU
		Release|Any CPU = Release|Any CPU
	EndGlobalSection
	GlobalSection(ProjectConfigurationPlatforms) = postSolution
		{25A6B339-C644-4B46-9FD3-816F064AB6FE}.Debug|Any CPU.ActiveCfg = Debug|Any CPU
		{25A6B339-C644-4B46-9FD3-816F064AB6FE}.Debug|Any CPU.Build.0 = Debug|Any CPU
		{25A6B339-C644-4B46-9FD3-816F064AB6FE}.Release|Any CPU.ActiveCfg = Release|Any CPU
		{25A6B339-C644-4B46-9FD3-816F064AB6FE}.Release|Any CPU.Build.0 = Release|Any CPU
		{1EFCDF86-90AA-4DA9-9D04-EF086A2D6A6F}.Debug|Any CPU.ActiveCfg = Debug|Any CPU
		{1EFCDF86-90AA-4DA9-9D04-EF086A2D6A6F}.Debug|Any CPU.Build.0 = Debug|Any CPU
		{1EFCDF86-90AA-4DA9-9D04-EF086A2D6A6F}.Release|Any CPU.ActiveCfg = Release|Any CPU
		{1EFCDF86-90AA-4DA9-9D04-EF086A2D6A6F}.Release|Any CPU.Build.0 = Release|Any CPU
		{049EAF4C-EF0F-4C37-96D1-08E7D66A0609}.Debug|Any CPU.ActiveCfg = Debug|Any CPU
		{049EAF4C-EF0F-4C37-96D1-08E7D66A0609}.Debug|Any CPU.Build.0 = Debug|Any CPU
		{049EAF4C-EF0F-4C37-96D1-08E7D66A0609}.Release|Any CPU.ActiveCfg = Release|Any CPU
		{049EAF4C-EF0F-4C37-96D1-08E7D66A0609}.Release|Any CPU.Build.0 = Release|Any CPU
		{D6DEACF3-F610-4F1B-B6B7-410FBBAC612F}.Debug|Any CPU.ActiveCfg = Debug|Any CPU
		{D6DEACF3-F610-4F1B-B6B7-410FBBAC612F}.Debug|Any CPU.Build.0 = Debug|Any CPU
		{D6DEACF3-F610-4F1B-B6B7-410FBBAC612F}.Release|Any CPU.ActiveCfg = Release|Any CPU
		{D6DEACF3-F610-4F1B-B6B7-410FBBAC612F}.Release|Any CPU.Build.0 = Release|Any CPU
		{AA04A3E6-13E1-4056-8E57-145DE80EBE76}.Debug|Any CPU.ActiveCfg = Debug|Any CPU
		{AA04A3E6-13E1-4056-8E57-145DE80EBE76}.Debug|Any CPU.Build.0 = Debug|Any CPU
		{AA04A3E6-13E1-4056-8E57-145DE80EBE76}.Release|Any CPU.ActiveCfg = Release|Any CPU
		{AA04A3E6-13E1-4056-8E57-145DE80EBE76}.Release|Any CPU.Build.0 = Release|Any CPU
		{CABB075D-0D95-4AE4-AC0E-3D66DA6C0FCE}.Debug|Any CPU.ActiveCfg = Debug|Any CPU
		{CABB075D-0D95-4AE4-AC0E-3D66DA6C0FCE}.Debug|Any CPU.Build.0 = Debug|Any CPU
		{CABB075D-0D95-4AE4-AC0E-3D66DA6C0FCE}.Release|Any CPU.ActiveCfg = Release|Any CPU
		{CABB075D-0D95-4AE4-AC0E-3D66DA6C0FCE}.Release|Any CPU.Build.0 = Release|Any CPU
		{5313A19A-D9EB-4132-AF55-9F46DC43BA9B}.Debug|Any CPU.ActiveCfg = Debug|Any CPU
		{5313A19A-D9EB-4132-AF55-9F46DC43BA9B}.Debug|Any CPU.Build.0 = Debug|Any CPU
		{5313A19A-D9EB-4132-AF55-9F46DC43BA9B}.Release|Any CPU.ActiveCfg = Release|Any CPU
		{5313A19A-D9EB-4132-AF55-9F46DC43BA9B}.Release|Any CPU.Build.0 = Release|Any CPU
		{1C0234D9-0ACC-4278-8307-246ED09FE338}.Debug|Any CPU.ActiveCfg = Debug|Any CPU
		{1C0234D9-0ACC-4278-8307-246ED09FE338}.Debug|Any CPU.Build.0 = Debug|Any CPU
		{1C0234D9-0ACC-4278-8307-246ED09FE338}.Release|Any CPU.ActiveCfg = Release|Any CPU
		{1C0234D9-0ACC-4278-8307-246ED09FE338}.Release|Any CPU.Build.0 = Release|Any CPU
		{FFC9925D-14DD-452D-B359-ECAA31768E68}.Debug|Any CPU.ActiveCfg = Debug|Any CPU
		{FFC9925D-14DD-452D-B359-ECAA31768E68}.Debug|Any CPU.Build.0 = Debug|Any CPU
		{FFC9925D-14DD-452D-B359-ECAA31768E68}.Release|Any CPU.ActiveCfg = Release|Any CPU
		{FFC9925D-14DD-452D-B359-ECAA31768E68}.Release|Any CPU.Build.0 = Release|Any CPU
	EndGlobalSection
	GlobalSection(SolutionProperties) = preSolution
		HideSolutionNode = FALSE
	EndGlobalSection
	GlobalSection(ExtensibilityGlobals) = postSolution
		SolutionGuid = {5B25FCAF-1344-4A53-A21D-3A787AD87659}
	EndGlobalSection
EndGlobal
